// !$*UTF8*$!
{
	archiveVersion = 1;
	classes = {
	};
	objectVersion = 50;
	objects = {

/* Begin PBXBuildFile section */
		FC4AFFBD25D64C3600232B70 /* AppDelegate.swift in Sources */ = {isa = PBXBuildFile; fileRef = FC4AFFBC25D64C3600232B70 /* AppDelegate.swift */; };
		FC4AFFBF25D64C3600232B70 /* SceneDelegate.swift in Sources */ = {isa = PBXBuildFile; fileRef = FC4AFFBE25D64C3600232B70 /* SceneDelegate.swift */; };
		FC4AFFC125D64C3600232B70 /* ViewController.swift in Sources */ = {isa = PBXBuildFile; fileRef = FC4AFFC025D64C3600232B70 /* ViewController.swift */; };
		FC4AFFC425D64C3600232B70 /* Main.storyboard in Resources */ = {isa = PBXBuildFile; fileRef = FC4AFFC225D64C3600232B70 /* Main.storyboard */; };
		FC4AFFC625D64C3900232B70 /* Assets.xcassets in Resources */ = {isa = PBXBuildFile; fileRef = FC4AFFC525D64C3900232B70 /* Assets.xcassets */; };
		FC4AFFC925D64C3900232B70 /* LaunchScreen.storyboard in Resources */ = {isa = PBXBuildFile; fileRef = FC4AFFC725D64C3900232B70 /* LaunchScreen.storyboard */; };
		FC4AFFD425D64C3900232B70 /* flixterTests.swift in Sources */ = {isa = PBXBuildFile; fileRef = FC4AFFD325D64C3900232B70 /* flixterTests.swift */; };
		FC4AFFDF25D64C3900232B70 /* flixterUITests.swift in Sources */ = {isa = PBXBuildFile; fileRef = FC4AFFDE25D64C3900232B70 /* flixterUITests.swift */; };
/* End PBXBuildFile section */

/* Begin PBXContainerItemProxy section */
		FC4AFFD025D64C3900232B70 /* PBXContainerItemProxy */ = {
			isa = PBXContainerItemProxy;
			containerPortal = FC4AFFB125D64C3600232B70 /* Project object */;
			proxyType = 1;
			remoteGlobalIDString = FC4AFFB825D64C3600232B70;
			remoteInfo = flixter;
		};
		FC4AFFDB25D64C3900232B70 /* PBXContainerItemProxy */ = {
			isa = PBXContainerItemProxy;
			containerPortal = FC4AFFB125D64C3600232B70 /* Project object */;
			proxyType = 1;
			remoteGlobalIDString = FC4AFFB825D64C3600232B70;
			remoteInfo = flixter;
		};
/* End PBXContainerItemProxy section */

/* Begin PBXFileReference section */
		FC4AFFB925D64C3600232B70 /* flixter.app */ = {isa = PBXFileReference; explicitFileType = wrapper.application; includeInIndex = 0; path = flixter.app; sourceTree = BUILT_PRODUCTS_DIR; };
		FC4AFFBC25D64C3600232B70 /* AppDelegate.swift */ = {isa = PBXFileReference; lastKnownFileType = sourcecode.swift; path = AppDelegate.swift; sourceTree = "<group>"; };
		FC4AFFBE25D64C3600232B70 /* SceneDelegate.swift */ = {isa = PBXFileReference; lastKnownFileType = sourcecode.swift; path = SceneDelegate.swift; sourceTree = "<group>"; };
		FC4AFFC025D64C3600232B70 /* ViewController.swift */ = {isa = PBXFileReference; lastKnownFileType = sourcecode.swift; path = ViewController.swift; sourceTree = "<group>"; };
		FC4AFFC325D64C3600232B70 /* Base */ = {isa = PBXFileReference; lastKnownFileType = file.storyboard; name = Base; path = Base.lproj/Main.storyboard; sourceTree = "<group>"; };
		FC4AFFC525D64C3900232B70 /* Assets.xcassets */ = {isa = PBXFileReference; lastKnownFileType = folder.assetcatalog; path = Assets.xcassets; sourceTree = "<group>"; };
		FC4AFFC825D64C3900232B70 /* Base */ = {isa = PBXFileReference; lastKnownFileType = file.storyboard; name = Base; path = Base.lproj/LaunchScreen.storyboard; sourceTree = "<group>"; };
		FC4AFFCA25D64C3900232B70 /* Info.plist */ = {isa = PBXFileReference; lastKnownFileType = text.plist.xml; path = Info.plist; sourceTree = "<group>"; };
		FC4AFFCF25D64C3900232B70 /* flixterTests.xctest */ = {isa = PBXFileReference; explicitFileType = wrapper.cfbundle; includeInIndex = 0; path = flixterTests.xctest; sourceTree = BUILT_PRODUCTS_DIR; };
		FC4AFFD325D64C3900232B70 /* flixterTests.swift */ = {isa = PBXFileReference; lastKnownFileType = sourcecode.swift; path = flixterTests.swift; sourceTree = "<group>"; };
		FC4AFFD525D64C3900232B70 /* Info.plist */ = {isa = PBXFileReference; lastKnownFileType = text.plist.xml; path = Info.plist; sourceTree = "<group>"; };
		FC4AFFDA25D64C3900232B70 /* flixterUITests.xctest */ = {isa = PBXFileReference; explicitFileType = wrapper.cfbundle; includeInIndex = 0; path = flixterUITests.xctest; sourceTree = BUILT_PRODUCTS_DIR; };
		FC4AFFDE25D64C3900232B70 /* flixterUITests.swift */ = {isa = PBXFileReference; lastKnownFileType = sourcecode.swift; path = flixterUITests.swift; sourceTree = "<group>"; };
		FC4AFFE025D64C3900232B70 /* Info.plist */ = {isa = PBXFileReference; lastKnownFileType = text.plist.xml; path = Info.plist; sourceTree = "<group>"; };
/* End PBXFileReference section */

/* Begin PBXFrameworksBuildPhase section */
		FC4AFFB625D64C3600232B70 /* Frameworks */ = {
			isa = PBXFrameworksBuildPhase;
			buildActionMask = 2147483647;
			files = (
			);
			runOnlyForDeploymentPostprocessing = 0;
		};
		FC4AFFCC25D64C3900232B70 /* Frameworks */ = {
			isa = PBXFrameworksBuildPhase;
			buildActionMask = 2147483647;
			files = (
			);
			runOnlyForDeploymentPostprocessing = 0;
		};
		FC4AFFD725D64C3900232B70 /* Frameworks */ = {
			isa = PBXFrameworksBuildPhase;
			buildActionMask = 2147483647;
			files = (
			);
			runOnlyForDeploymentPostprocessing = 0;
		};
/* End PBXFrameworksBuildPhase section */

/* Begin PBXGroup section */
		FC4AFFB025D64C3600232B70 = {
			isa = PBXGroup;
			children = (
				FC4AFFBB25D64C3600232B70 /* flixter */,
				FC4AFFD225D64C3900232B70 /* flixterTests */,
				FC4AFFDD25D64C3900232B70 /* flixterUITests */,
				FC4AFFBA25D64C3600232B70 /* Products */,
			);
			sourceTree = "<group>";
		};
		FC4AFFBA25D64C3600232B70 /* Products */ = {
			isa = PBXGroup;
			children = (
				FC4AFFB925D64C3600232B70 /* flixter.app */,
				FC4AFFCF25D64C3900232B70 /* flixterTests.xctest */,
				FC4AFFDA25D64C3900232B70 /* flixterUITests.xctest */,
			);
			name = Products;
			sourceTree = "<group>";
		};
		FC4AFFBB25D64C3600232B70 /* flixter */ = {
			isa = PBXGroup;
			children = (
				FC4AFFBC25D64C3600232B70 /* AppDelegate.swift */,
				FC4AFFBE25D64C3600232B70 /* SceneDelegate.swift */,
				FC4AFFC025D64C3600232B70 /* ViewController.swift */,
				FC4AFFC225D64C3600232B70 /* Main.storyboard */,
				FC4AFFC525D64C3900232B70 /* Assets.xcassets */,
				FC4AFFC725D64C3900232B70 /* LaunchScreen.storyboard */,
				FC4AFFCA25D64C3900232B70 /* Info.plist */,
			);
			path = flixter;
			sourceTree = "<group>";
		};
		FC4AFFD225D64C3900232B70 /* flixterTests */ = {
			isa = PBXGroup;
			children = (
				FC4AFFD325D64C3900232B70 /* flixterTests.swift */,
				FC4AFFD525D64C3900232B70 /* Info.plist */,
			);
			path = flixterTests;
			sourceTree = "<group>";
		};
		FC4AFFDD25D64C3900232B70 /* flixterUITests */ = {
			isa = PBXGroup;
			children = (
				FC4AFFDE25D64C3900232B70 /* flixterUITests.swift */,
				FC4AFFE025D64C3900232B70 /* Info.plist */,
			);
			path = flixterUITests;
			sourceTree = "<group>";
		};
/* End PBXGroup section */

/* Begin PBXNativeTarget section */
		FC4AFFB825D64C3600232B70 /* flixter */ = {
			isa = PBXNativeTarget;
			buildConfigurationList = FC4AFFE325D64C3900232B70 /* Build configuration list for PBXNativeTarget "flixter" */;
			buildPhases = (
				FC4AFFB525D64C3600232B70 /* Sources */,
				FC4AFFB625D64C3600232B70 /* Frameworks */,
				FC4AFFB725D64C3600232B70 /* Resources */,
			);
			buildRules = (
			);
			dependencies = (
			);
			name = flixter;
			productName = flixter;
			productReference = FC4AFFB925D64C3600232B70 /* flixter.app */;
			productType = "com.apple.product-type.application";
		};
		FC4AFFCE25D64C3900232B70 /* flixterTests */ = {
			isa = PBXNativeTarget;
			buildConfigurationList = FC4AFFE625D64C3900232B70 /* Build configuration list for PBXNativeTarget "flixterTests" */;
			buildPhases = (
				FC4AFFCB25D64C3900232B70 /* Sources */,
				FC4AFFCC25D64C3900232B70 /* Frameworks */,
				FC4AFFCD25D64C3900232B70 /* Resources */,
			);
			buildRules = (
			);
			dependencies = (
				FC4AFFD125D64C3900232B70 /* PBXTargetDependency */,
			);
			name = flixterTests;
			productName = flixterTests;
			productReference = FC4AFFCF25D64C3900232B70 /* flixterTests.xctest */;
			productType = "com.apple.product-type.bundle.unit-test";
		};
		FC4AFFD925D64C3900232B70 /* flixterUITests */ = {
			isa = PBXNativeTarget;
			buildConfigurationList = FC4AFFE925D64C3900232B70 /* Build configuration list for PBXNativeTarget "flixterUITests" */;
			buildPhases = (
				FC4AFFD625D64C3900232B70 /* Sources */,
				FC4AFFD725D64C3900232B70 /* Frameworks */,
				FC4AFFD825D64C3900232B70 /* Resources */,
			);
			buildRules = (
			);
			dependencies = (
				FC4AFFDC25D64C3900232B70 /* PBXTargetDependency */,
			);
			name = flixterUITests;
			productName = flixterUITests;
			productReference = FC4AFFDA25D64C3900232B70 /* flixterUITests.xctest */;
			productType = "com.apple.product-type.bundle.ui-testing";
		};
/* End PBXNativeTarget section */

/* Begin PBXProject section */
		FC4AFFB125D64C3600232B70 /* Project object */ = {
			isa = PBXProject;
			attributes = {
				LastSwiftUpdateCheck = 1240;
				LastUpgradeCheck = 1240;
				TargetAttributes = {
					FC4AFFB825D64C3600232B70 = {
						CreatedOnToolsVersion = 12.4;
					};
					FC4AFFCE25D64C3900232B70 = {
						CreatedOnToolsVersion = 12.4;
						TestTargetID = FC4AFFB825D64C3600232B70;
					};
					FC4AFFD925D64C3900232B70 = {
						CreatedOnToolsVersion = 12.4;
						TestTargetID = FC4AFFB825D64C3600232B70;
					};
				};
			};
			buildConfigurationList = FC4AFFB425D64C3600232B70 /* Build configuration list for PBXProject "flixter" */;
			compatibilityVersion = "Xcode 9.3";
			developmentRegion = en;
			hasScannedForEncodings = 0;
			knownRegions = (
				en,
				Base,
			);
			mainGroup = FC4AFFB025D64C3600232B70;
			productRefGroup = FC4AFFBA25D64C3600232B70 /* Products */;
			projectDirPath = "";
			projectRoot = "";
			targets = (
				FC4AFFB825D64C3600232B70 /* flixter */,
				FC4AFFCE25D64C3900232B70 /* flixterTests */,
				FC4AFFD925D64C3900232B70 /* flixterUITests */,
			);
		};
/* End PBXProject section */

/* Begin PBXResourcesBuildPhase section */
		FC4AFFB725D64C3600232B70 /* Resources */ = {
			isa = PBXResourcesBuildPhase;
			buildActionMask = 2147483647;
			files = (
				FC4AFFC925D64C3900232B70 /* LaunchScreen.storyboard in Resources */,
				FC4AFFC625D64C3900232B70 /* Assets.xcassets in Resources */,
				FC4AFFC425D64C3600232B70 /* Main.storyboard in Resources */,
			);
			runOnlyForDeploymentPostprocessing = 0;
		};
		FC4AFFCD25D64C3900232B70 /* Resources */ = {
			isa = PBXResourcesBuildPhase;
			buildActionMask = 2147483647;
			files = (
			);
			runOnlyForDeploymentPostprocessing = 0;
		};
		FC4AFFD825D64C3900232B70 /* Resources */ = {
			isa = PBXResourcesBuildPhase;
			buildActionMask = 2147483647;
			files = (
			);
			runOnlyForDeploymentPostprocessing = 0;
		};
/* End PBXResourcesBuildPhase section */

/* Begin PBXSourcesBuildPhase section */
		FC4AFFB525D64C3600232B70 /* Sources */ = {
			isa = PBXSourcesBuildPhase;
			buildActionMask = 2147483647;
			files = (
				FC4AFFC125D64C3600232B70 /* ViewController.swift in Sources */,
				FC4AFFBD25D64C3600232B70 /* AppDelegate.swift in Sources */,
				FC4AFFBF25D64C3600232B70 /* SceneDelegate.swift in Sources */,
			);
			runOnlyForDeploymentPostprocessing = 0;
		};
		FC4AFFCB25D64C3900232B70 /* Sources */ = {
			isa = PBXSourcesBuildPhase;
			buildActionMask = 2147483647;
			files = (
				FC4AFFD425D64C3900232B70 /* flixterTests.swift in Sources */,
			);
			runOnlyForDeploymentPostprocessing = 0;
		};
		FC4AFFD625D64C3900232B70 /* Sources */ = {
			isa = PBXSourcesBuildPhase;
			buildActionMask = 2147483647;
			files = (
				FC4AFFDF25D64C3900232B70 /* flixterUITests.swift in Sources */,
			);
			runOnlyForDeploymentPostprocessing = 0;
		};
/* End PBXSourcesBuildPhase section */

/* Begin PBXTargetDependency section */
		FC4AFFD125D64C3900232B70 /* PBXTargetDependency */ = {
			isa = PBXTargetDependency;
			target = FC4AFFB825D64C3600232B70 /* flixter */;
			targetProxy = FC4AFFD025D64C3900232B70 /* PBXContainerItemProxy */;
		};
		FC4AFFDC25D64C3900232B70 /* PBXTargetDependency */ = {
			isa = PBXTargetDependency;
			target = FC4AFFB825D64C3600232B70 /* flixter */;
			targetProxy = FC4AFFDB25D64C3900232B70 /* PBXContainerItemProxy */;
		};
/* End PBXTargetDependency section */

/* Begin PBXVariantGroup section */
		FC4AFFC225D64C3600232B70 /* Main.storyboard */ = {
			isa = PBXVariantGroup;
			children = (
				FC4AFFC325D64C3600232B70 /* Base */,
			);
			name = Main.storyboard;
			sourceTree = "<group>";
		};
		FC4AFFC725D64C3900232B70 /* LaunchScreen.storyboard */ = {
			isa = PBXVariantGroup;
			children = (
				FC4AFFC825D64C3900232B70 /* Base */,
			);
			name = LaunchScreen.storyboard;
			sourceTree = "<group>";
		};
/* End PBXVariantGroup section */

/* Begin XCBuildConfiguration section */
		FC4AFFE125D64C3900232B70 /* Debug */ = {
			isa = XCBuildConfiguration;
			buildSettings = {
				ALWAYS_SEARCH_USER_PATHS = NO;
				CLANG_ANALYZER_NONNULL = YES;
				CLANG_ANALYZER_NUMBER_OBJECT_CONVERSION = YES_AGGRESSIVE;
				CLANG_CXX_LANGUAGE_STANDARD = "gnu++14";
				CLANG_CXX_LIBRARY = "libc++";
				CLANG_ENABLE_MODULES = YES;
				CLANG_ENABLE_OBJC_ARC = YES;
				CLANG_ENABLE_OBJC_WEAK = YES;
				CLANG_WARN_BLOCK_CAPTURE_AUTORELEASING = YES;
				CLANG_WARN_BOOL_CONVERSION = YES;
				CLANG_WARN_COMMA = YES;
				CLANG_WARN_CONSTANT_CONVERSION = YES;
				CLANG_WARN_DEPRECATED_OBJC_IMPLEMENTATIONS = YES;
				CLANG_WARN_DIRECT_OBJC_ISA_USAGE = YES_ERROR;
				CLANG_WARN_DOCUMENTATION_COMMENTS = YES;
				CLANG_WARN_EMPTY_BODY = YES;
				CLANG_WARN_ENUM_CONVERSION = YES;
				CLANG_WARN_INFINITE_RECURSION = YES;
				CLANG_WARN_INT_CONVERSION = YES;
				CLANG_WARN_NON_LITERAL_NULL_CONVERSION = YES;
				CLANG_WARN_OBJC_IMPLICIT_RETAIN_SELF = YES;
				CLANG_WARN_OBJC_LITERAL_CONVERSION = YES;
				CLANG_WARN_OBJC_ROOT_CLASS = YES_ERROR;
				CLANG_WARN_QUOTED_INCLUDE_IN_FRAMEWORK_HEADER = YES;
				CLANG_WARN_RANGE_LOOP_ANALYSIS = YES;
				CLANG_WARN_STRICT_PROTOTYPES = YES;
				CLANG_WARN_SUSPICIOUS_MOVE = YES;
				CLANG_WARN_UNGUARDED_AVAILABILITY = YES_AGGRESSIVE;
				CLANG_WARN_UNREACHABLE_CODE = YES;
				CLANG_WARN__DUPLICATE_METHOD_MATCH = YES;
				COPY_PHASE_STRIP = NO;
				DEBUG_INFORMATION_FORMAT = dwarf;
				ENABLE_STRICT_OBJC_MSGSEND = YES;
				ENABLE_TESTABILITY = YES;
				GCC_C_LANGUAGE_STANDARD = gnu11;
				GCC_DYNAMIC_NO_PIC = NO;
				GCC_NO_COMMON_BLOCKS = YES;
				GCC_OPTIMIZATION_LEVEL = 0;
				GCC_PREPROCESSOR_DEFINITIONS = (
					"DEBUG=1",
					"$(inherited)",
				);
				GCC_WARN_64_TO_32_BIT_CONVERSION = YES;
				GCC_WARN_ABOUT_RETURN_TYPE = YES_ERROR;
				GCC_WARN_UNDECLARED_SELECTOR = YES;
				GCC_WARN_UNINITIALIZED_AUTOS = YES_AGGRESSIVE;
				GCC_WARN_UNUSED_FUNCTION = YES;
				GCC_WARN_UNUSED_VARIABLE = YES;
				IPHONEOS_DEPLOYMENT_TARGET = 14.4;
				MTL_ENABLE_DEBUG_INFO = INCLUDE_SOURCE;
				MTL_FAST_MATH = YES;
				ONLY_ACTIVE_ARCH = YES;
				SDKROOT = iphoneos;
				SWIFT_ACTIVE_COMPILATION_CONDITIONS = DEBUG;
				SWIFT_OPTIMIZATION_LEVEL = "-Onone";
			};
			name = Debug;
		};
		FC4AFFE225D64C3900232B70 /* Release */ = {
			isa = XCBuildConfiguration;
			buildSettings = {
				ALWAYS_SEARCH_USER_PATHS = NO;
				CLANG_ANALYZER_NONNULL = YES;
				CLANG_ANALYZER_NUMBER_OBJECT_CONVERSION = YES_AGGRESSIVE;
				CLANG_CXX_LANGUAGE_STANDARD = "gnu++14";
				CLANG_CXX_LIBRARY = "libc++";
				CLANG_ENABLE_MODULES = YES;
				CLANG_ENABLE_OBJC_ARC = YES;
				CLANG_ENABLE_OBJC_WEAK = YES;
				CLANG_WARN_BLOCK_CAPTURE_AUTORELEASING = YES;
				CLANG_WARN_BOOL_CONVERSION = YES;
				CLANG_WARN_COMMA = YES;
				CLANG_WARN_CONSTANT_CONVERSION = YES;
				CLANG_WARN_DEPRECATED_OBJC_IMPLEMENTATIONS = YES;
				CLANG_WARN_DIRECT_OBJC_ISA_USAGE = YES_ERROR;
				CLANG_WARN_DOCUMENTATION_COMMENTS = YES;
				CLANG_WARN_EMPTY_BODY = YES;
				CLANG_WARN_ENUM_CONVERSION = YES;
				CLANG_WARN_INFINITE_RECURSION = YES;
				CLANG_WARN_INT_CONVERSION = YES;
				CLANG_WARN_NON_LITERAL_NULL_CONVERSION = YES;
				CLANG_WARN_OBJC_IMPLICIT_RETAIN_SELF = YES;
				CLANG_WARN_OBJC_LITERAL_CONVERSION = YES;
				CLANG_WARN_OBJC_ROOT_CLASS = YES_ERROR;
				CLANG_WARN_QUOTED_INCLUDE_IN_FRAMEWORK_HEADER = YES;
				CLANG_WARN_RANGE_LOOP_ANALYSIS = YES;
				CLANG_WARN_STRICT_PROTOTYPES = YES;
				CLANG_WARN_SUSPICIOUS_MOVE = YES;
				CLANG_WARN_UNGUARDED_AVAILABILITY = YES_AGGRESSIVE;
				CLANG_WARN_UNREACHABLE_CODE = YES;
				CLANG_WARN__DUPLICATE_METHOD_MATCH = YES;
				COPY_PHASE_STRIP = NO;
				DEBUG_INFORMATION_FORMAT = "dwarf-with-dsym";
				ENABLE_NS_ASSERTIONS = NO;
				ENABLE_STRICT_OBJC_MSGSEND = YES;
				GCC_C_LANGUAGE_STANDARD = gnu11;
				GCC_NO_COMMON_BLOCKS = YES;
				GCC_WARN_64_TO_32_BIT_CONVERSION = YES;
				GCC_WARN_ABOUT_RETURN_TYPE = YES_ERROR;
				GCC_WARN_UNDECLARED_SELECTOR = YES;
				GCC_WARN_UNINITIALIZED_AUTOS = YES_AGGRESSIVE;
				GCC_WARN_UNUSED_FUNCTION = YES;
				GCC_WARN_UNUSED_VARIABLE = YES;
				IPHONEOS_DEPLOYMENT_TARGET = 14.4;
				MTL_ENABLE_DEBUG_INFO = NO;
				MTL_FAST_MATH = YES;
				SDKROOT = iphoneos;
				SWIFT_COMPILATION_MODE = wholemodule;
				SWIFT_OPTIMIZATION_LEVEL = "-O";
				VALIDATE_PRODUCT = YES;
			};
			name = Release;
		};
		FC4AFFE425D64C3900232B70 /* Debug */ = {
			isa = XCBuildConfiguration;
			buildSettings = {
				ASSETCATALOG_COMPILER_APPICON_NAME = AppIcon;
				ASSETCATALOG_COMPILER_GLOBAL_ACCENT_COLOR_NAME = AccentColor;
				CODE_SIGN_STYLE = Automatic;
				DEVELOPMENT_TEAM = D44VYF4F68;
				INFOPLIST_FILE = flixter/Info.plist;
				LD_RUNPATH_SEARCH_PATHS = (
					"$(inherited)",
					"@executable_path/Frameworks",
				);
				PRODUCT_BUNDLE_IDENTIFIER = edwarddls.flixter;
				PRODUCT_NAME = "$(TARGET_NAME)";
				SWIFT_VERSION = 5.0;
				TARGETED_DEVICE_FAMILY = "1,2";
			};
			name = Debug;
		};
		FC4AFFE525D64C3900232B70 /* Release */ = {
			isa = XCBuildConfiguration;
			buildSettings = {
				ASSETCATALOG_COMPILER_APPICON_NAME = AppIcon;
				ASSETCATALOG_COMPILER_GLOBAL_ACCENT_COLOR_NAME = AccentColor;
				CODE_SIGN_STYLE = Automatic;
				DEVELOPMENT_TEAM = D44VYF4F68;
				INFOPLIST_FILE = flixter/Info.plist;
				LD_RUNPATH_SEARCH_PATHS = (
					"$(inherited)",
					"@executable_path/Frameworks",
				);
				PRODUCT_BUNDLE_IDENTIFIER = edwarddls.flixter;
				PRODUCT_NAME = "$(TARGET_NAME)";
				SWIFT_VERSION = 5.0;
				TARGETED_DEVICE_FAMILY = "1,2";
			};
			name = Release;
		};
		FC4AFFE725D64C3900232B70 /* Debug */ = {
			isa = XCBuildConfiguration;
			buildSettings = {
				ALWAYS_EMBED_SWIFT_STANDARD_LIBRARIES = YES;
				BUNDLE_LOADER = "$(TEST_HOST)";
				CODE_SIGN_STYLE = Automatic;
				DEVELOPMENT_TEAM = D44VYF4F68;
				INFOPLIST_FILE = flixterTests/Info.plist;
				IPHONEOS_DEPLOYMENT_TARGET = 14.4;
				LD_RUNPATH_SEARCH_PATHS = (
					"$(inherited)",
					"@executable_path/Frameworks",
					"@loader_path/Frameworks",
				);
				PRODUCT_BUNDLE_IDENTIFIER = edwarddls.flixterTests;
				PRODUCT_NAME = "$(TARGET_NAME)";
				SWIFT_VERSION = 5.0;
				TARGETED_DEVICE_FAMILY = "1,2";
				TEST_HOST = "$(BUILT_PRODUCTS_DIR)/flixter.app/flixter";
			};
			name = Debug;
		};
		FC4AFFE825D64C3900232B70 /* Release */ = {
			isa = XCBuildConfiguration;
			buildSettings = {
				ALWAYS_EMBED_SWIFT_STANDARD_LIBRARIES = YES;
				BUNDLE_LOADER = "$(TEST_HOST)";
				CODE_SIGN_STYLE = Automatic;
				DEVELOPMENT_TEAM = D44VYF4F68;
				INFOPLIST_FILE = flixterTests/Info.plist;
				IPHONEOS_DEPLOYMENT_TARGET = 14.4;
				LD_RUNPATH_SEARCH_PATHS = (
					"$(inherited)",
					"@executable_path/Frameworks",
					"@loader_path/Frameworks",
				);
				PRODUCT_BUNDLE_IDENTIFIER = edwarddls.flixterTests;
				PRODUCT_NAME = "$(TARGET_NAME)";
				SWIFT_VERSION = 5.0;
				TARGETED_DEVICE_FAMILY = "1,2";
				TEST_HOST = "$(BUILT_PRODUCTS_DIR)/flixter.app/flixter";
			};
			name = Release;
		};
		FC4AFFEA25D64C3900232B70 /* Debug */ = {
			isa = XCBuildConfiguration;
			buildSettings = {
				ALWAYS_EMBED_SWIFT_STANDARD_LIBRARIES = YES;
				CODE_SIGN_STYLE = Automatic;
				DEVELOPMENT_TEAM = D44VYF4F68;
				INFOPLIST_FILE = flixterUITests/Info.plist;
				LD_RUNPATH_SEARCH_PATHS = (
					"$(inherited)",
					"@executable_path/Frameworks",
					"@loader_path/Frameworks",
				);
				PRODUCT_BUNDLE_IDENTIFIER = edwarddls.flixterUITests;
				PRODUCT_NAME = "$(TARGET_NAME)";
				SWIFT_VERSION = 5.0;
				TARGETED_DEVICE_FAMILY = "1,2";
				TEST_TARGET_NAME = flixter;
			};
			name = Debug;
		};
		FC4AFFEB25D64C3900232B70 /* Release */ = {
			isa = XCBuildConfiguration;
			buildSettings = {
				ALWAYS_EMBED_SWIFT_STANDARD_LIBRARIES = YES;
				CODE_SIGN_STYLE = Automatic;
				DEVELOPMENT_TEAM = D44VYF4F68;
				INFOPLIST_FILE = flixterUITests/Info.plist;
				LD_RUNPATH_SEARCH_PATHS = (
					"$(inherited)",
					"@executable_path/Frameworks",
					"@loader_path/Frameworks",
				);
				PRODUCT_BUNDLE_IDENTIFIER = edwarddls.flixterUITests;
				PRODUCT_NAME = "$(TARGET_NAME)";
				SWIFT_VERSION = 5.0;
				TARGETED_DEVICE_FAMILY = "1,2";
				TEST_TARGET_NAME = flixter;
			};
			name = Release;
		};
/* End XCBuildConfiguration section */

/* Begin XCConfigurationList section */
		FC4AFFB425D64C3600232B70 /* Build configuration list for PBXProject "flixter" */ = {
			isa = XCConfigurationList;
			buildConfigurations = (
				FC4AFFE125D64C3900232B70 /* Debug */,
				FC4AFFE225D64C3900232B70 /* Release */,
			);
			defaultConfigurationIsVisible = 0;
			defaultConfigurationName = Release;
		};
		FC4AFFE325D64C3900232B70 /* Build configuration list for PBXNativeTarget "flixter" */ = {
			isa = XCConfigurationList;
			buildConfigurations = (
				FC4AFFE425D64C3900232B70 /* Debug */,
				FC4AFFE525D64C3900232B70 /* Release */,
			);
			defaultConfigurationIsVisible = 0;
			defaultConfigurationName = Release;
		};
		FC4AFFE625D64C3900232B70 /* Build configuration list for PBXNativeTarget "flixterTests" */ = {
			isa = XCConfigurationList;
			buildConfigurations = (
				FC4AFFE725D64C3900232B70 /* Debug */,
				FC4AFFE825D64C3900232B70 /* Release */,
			);
			defaultConfigurationIsVisible = 0;
			defaultConfigurationName = Release;
		};
		FC4AFFE925D64C3900232B70 /* Build configuration list for PBXNativeTarget "flixterUITests" */ = {
			isa = XCConfigurationList;
			buildConfigurations = (
				FC4AFFEA25D64C3900232B70 /* Debug */,
				FC4AFFEB25D64C3900232B70 /* Release */,
			);
			defaultConfigurationIsVisible = 0;
			defaultConfigurationName = Release;
		};
/* End XCConfigurationList section */
	};
	rootObject = FC4AFFB125D64C3600232B70 /* Project object */;
}
